{
    "_readme": [
        "This file locks the dependencies of your project to a known state",
        "Read more about it at https://getcomposer.org/doc/01-basic-usage.md#composer-lock-the-lock-file",
        "This file is @generated automatically"
    ],
    "content-hash": "fda9137293198381d0e8eb5075bb9789",
    "packages": [],
    "packages-dev": [
        {
            "name": "parser/autoload",
            "version": "1.0.0",
            "source": {
                "type": "git",
                "url": "git@github.com:parser3/autoload.git",
                "reference": "717855da6b0432c17e5bd70b0a3baaf9365f8304"
            },
            "dist": {
                "type": "zip",
                "url": "https://api.github.com/repos/parser3/autoload/zipball/717855da6b0432c17e5bd70b0a3baaf9365f8304",
                "reference": "717855da6b0432c17e5bd70b0a3baaf9365f8304",
                "shasum": ""
            },
            "type": "library",
            "notification-url": "https://packages.knyazev.me/downloads/",
            "license": [
                "MIT"
            ],
            "authors": [
                {
                    "name": "Leonid Knyazev",
                    "email": "leonid@knyazev.me",
                    "homepage": "https://knyazev.me",
                    "role": "Developer"
                }
            ],
            "description": "Parser Class Loader.",
            "homepage": "https://github.com/parser3/autoload",
            "keywords": [
                "class",
                "loader",
                "parser3"
            ],
            "time": "2016-11-08T17:26:57+00:00"
        }
    ],
    "aliases": [],
    "minimum-stability": "stable",
    "stability-flags": [],
    "prefer-stable": false,
    "prefer-lowest": false,
    "platform": [],
    "platform-dev": []
}
